
Microsoft Visual Studio Solution File, Format Version 12.00
# Visual Studio Version 17
VisualStudioVersion = 17.5.002.0
MinimumVisualStudioVersion = 10.0.40219.1
Project("{9A19103F-16F7-4668-BE54-9A1E7A4F7556}") = "OnlineConsultationManagementSystem", "OnlineConsultationManagementSystem.csproj", "{DEEE3C0B-2BCF-4912-8233-4ECFD2CD3F87}"
EndProject
Project("{FAE04EC0-301F-11D3-BF4B-00C04F79EFBC}") = "OnlineConsultationManagementSystem.Test", "..\OnlineConsultationManagementSystem.Test\OnlineConsultationManagementSystem.Test.csproj", "{CC113A4E-8104-4887-9C57-CEFF7D8E4FE5}"
EndProject
Global
	GlobalSection(SolutionConfigurationPlatforms) = preSolution
		Debug|Any CPU = Debug|Any CPU
		Release|Any CPU = Release|Any CPU
	EndGlobalSection
	GlobalSection(ProjectConfigurationPlatforms) = postSolution
		{DEEE3C0B-2BCF-4912-8233-4ECFD2CD3F87}.Debug|Any CPU.ActiveCfg = Debug|Any CPU
		{DEEE3C0B-2BCF-4912-8233-4ECFD2CD3F87}.Debug|Any CPU.Build.0 = Debug|Any CPU
		{DEEE3C0B-2BCF-4912-8233-4ECFD2CD3F87}.Release|Any CPU.ActiveCfg = Release|Any CPU
		{DEEE3C0B-2BCF-4912-8233-4ECFD2CD3F87}.Release|Any CPU.Build.0 = Release|Any CPU
		{CC113A4E-8104-4887-9C57-CEFF7D8E4FE5}.Debug|Any CPU.ActiveCfg = Debug|Any CPU
		{CC113A4E-8104-4887-9C57-CEFF7D8E4FE5}.Debug|Any CPU.Build.0 = Debug|Any CPU
		{CC113A4E-8104-4887-9C57-CEFF7D8E4FE5}.Release|Any CPU.ActiveCfg = Release|Any CPU
		{CC113A4E-8104-4887-9C57-CEFF7D8E4FE5}.Release|Any CPU.Build.0 = Release|Any CPU
	EndGlobalSection
	GlobalSection(SolutionProperties) = preSolution
		HideSolutionNode = FALSE
	EndGlobalSection
	GlobalSection(ExtensibilityGlobals) = postSolution
		SolutionGuid = {1FDF977F-B500-40B2-BB5A-50EE8507A6A3}
	EndGlobalSection
EndGlobal
